
Microsoft Visual Studio Solution File, Format Version 12.00
# Visual Studio 15
VisualStudioVersion = 15.0.27428.2015
MinimumVisualStudioVersion = 10.0.40219.1
Project("{FAE04EC0-301F-11D3-BF4B-00C04F79EFBC}") = "CQRSBus", "CQRSBus\CQRSBus.csproj", "{9595D22C-097A-4987-9518-0145A14F6936}"
EndProject
Project("{FAE04EC0-301F-11D3-BF4B-00C04F79EFBC}") = "Sample", "Sample\Sample.csproj", "{5F4DA1DD-4197-4615-B98C-5E0447A37AF1}"
EndProject
Global
	GlobalSection(SolutionConfigurationPlatforms) = preSolution
		Debug|Any CPU = Debug|Any CPU
		Release|Any CPU = Release|Any CPU
	EndGlobalSection
	GlobalSection(ProjectConfigurationPlatforms) = postSolution
		{9595D22C-097A-4987-9518-0145A14F6936}.Debug|Any CPU.ActiveCfg = Debug|Any CPU
		{9595D22C-097A-4987-9518-0145A14F6936}.Debug|Any CPU.Build.0 = Debug|Any CPU
		{9595D22C-097A-4987-9518-0145A14F6936}.Release|Any CPU.ActiveCfg = Release|Any CPU
		{9595D22C-097A-4987-9518-0145A14F6936}.Release|Any CPU.Build.0 = Release|Any CPU
		{5F4DA1DD-4197-4615-B98C-5E0447A37AF1}.Debug|Any CPU.ActiveCfg = Debug|Any CPU
		{5F4DA1DD-4197-4615-B98C-5E0447A37AF1}.Debug|Any CPU.Build.0 = Debug|Any CPU
		{5F4DA1DD-4197-4615-B98C-5E0447A37AF1}.Release|Any CPU.ActiveCfg = Release|Any CPU
		{5F4DA1DD-4197-4615-B98C-5E0447A37AF1}.Release|Any CPU.Build.0 = Release|Any CPU
	EndGlobalSection
	GlobalSection(SolutionProperties) = preSolution
		HideSolutionNode = FALSE
	EndGlobalSection
	GlobalSection(ExtensibilityGlobals) = postSolution
		SolutionGuid = {3C75425F-4B09-4080-9C74-0D3BCC1924BE}
	EndGlobalSection
EndGlobal
